// !$*UTF8*$!
{
	archiveVersion = 1;
	classes = {
	};
	objectVersion = 52;
	objects = {

/* Begin PBXBuildFile section */
		4F3ED5FE208582C200C409EB /* ListViewController.swift in Sources */ = {isa = PBXBuildFile; fileRef = 4F3ED5FD208582C200C409EB /* ListViewController.swift */; };
		4F56096C208443E70078DCFB /* AppDelegate.swift in Sources */ = {isa = PBXBuildFile; fileRef = 4F56096B208443E70078DCFB /* AppDelegate.swift */; };
		4F56096E208443E70078DCFB /* BaseNavigationController.swift in Sources */ = {isa = PBXBuildFile; fileRef = 4F56096D208443E70078DCFB /* BaseNavigationController.swift */; };
		4F560973208443E80078DCFB /* Assets.xcassets in Resources */ = {isa = PBXBuildFile; fileRef = 4F560972208443E80078DCFB /* Assets.xcassets */; };
		4F560976208443E80078DCFB /* LaunchScreen.storyboard in Resources */ = {isa = PBXBuildFile; fileRef = 4F560974208443E80078DCFB /* LaunchScreen.storyboard */; };
		4F7B2AE9208ED2FC00CAE85B /* PolyLineView.swift in Sources */ = {isa = PBXBuildFile; fileRef = 4F7B2AE8208ED2FC00CAE85B /* PolyLineView.swift */; };
		4F7B2AEB208EDFBD00CAE85B /* ModelStruct.swift in Sources */ = {isa = PBXBuildFile; fileRef = 4F7B2AEA208EDFBD00CAE85B /* ModelStruct.swift */; };
		4F8ED9D7282E28F3003664DD /* CandlePriceXAxisPlotHepler.swift in Sources */ = {isa = PBXBuildFile; fileRef = 4F8ED9D6282E28F3003664DD /* CandlePriceXAxisPlotHepler.swift */; };
		4F8ED9D9282E2919003664DD /* CandlePriceYAxisPlotHepler.swift in Sources */ = {isa = PBXBuildFile; fileRef = 4F8ED9D8282E2919003664DD /* CandlePriceYAxisPlotHepler.swift */; };
		4F95E3E420915F2E00314391 /* UIBezierPath+DrawLinePoints.swift in Sources */ = {isa = PBXBuildFile; fileRef = 4F95E3E320915F2E00314391 /* UIBezierPath+DrawLinePoints.swift */; };
		4F95E3E620915F9200314391 /* SlipPolyLineViewController.swift in Sources */ = {isa = PBXBuildFile; fileRef = 4F95E3E520915F9200314391 /* SlipPolyLineViewController.swift */; };
		4F95E3E82091604500314391 /* SlipPolyLineView.swift in Sources */ = {isa = PBXBuildFile; fileRef = 4F95E3E72091604500314391 /* SlipPolyLineView.swift */; };
		4FACBC96208998C10050DB58 /* PolyLineViewController.swift in Sources */ = {isa = PBXBuildFile; fileRef = 4FACBC95208998C10050DB58 /* PolyLineViewController.swift */; };
		4FB665742090340E00978EE8 /* README.md in Resources */ = {isa = PBXBuildFile; fileRef = 4FB665732090340E00978EE8 /* README.md */; };
		4FB6657B2090390200978EE8 /* polyLineChart.gif in Resources */ = {isa = PBXBuildFile; fileRef = 4FB6657A2090390200978EE8 /* polyLineChart.gif */; };
		4FF69D1D282D429C0036E4EC /* CandleVolPlotHelper.swift in Sources */ = {isa = PBXBuildFile; fileRef = 4FF69D1C282D429C0036E4EC /* CandleVolPlotHelper.swift */; };
		4FF69D1F282D47070036E4EC /* String+Addition.swift in Sources */ = {isa = PBXBuildFile; fileRef = 4FF69D1E282D47070036E4EC /* String+Addition.swift */; };
		C21D5C3F2833419200DBB6A1 /* ShortCandleCheckLineView.swift in Sources */ = {isa = PBXBuildFile; fileRef = C21D5C3E2833419200DBB6A1 /* ShortCandleCheckLineView.swift */; };
		C21D5C472834CA8E00DBB6A1 /* stockChartsTests.swift in Sources */ = {isa = PBXBuildFile; fileRef = C21D5C462834CA8E00DBB6A1 /* stockChartsTests.swift */; };
		C21D5C542834E66B00DBB6A1 /* stockChartsUITests.swift in Sources */ = {isa = PBXBuildFile; fileRef = C21D5C532834E66B00DBB6A1 /* stockChartsUITests.swift */; };
		C272EA09282A59E4002F0ABF /* SnapKit in Frameworks */ = {isa = PBXBuildFile; productRef = C272EA08282A59E4002F0ABF /* SnapKit */; };
		C283C5FA282934E9000881C5 /* CandleChartViewController.swift in Sources */ = {isa = PBXBuildFile; fileRef = C283C5F9282934E9000881C5 /* CandleChartViewController.swift */; };
		C283C5FF2829385A000881C5 /* CandleDataService.swift in Sources */ = {isa = PBXBuildFile; fileRef = C283C5FE2829385A000881C5 /* CandleDataService.swift */; };
		C283C60028293FFA000881C5 /* CandleData.json in Resources */ = {isa = PBXBuildFile; fileRef = C283C5FD28293814000881C5 /* CandleData.json */; };
		C2AA78C8282B9850008FEB8A /* ShortCandlePlot.swift in Sources */ = {isa = PBXBuildFile; fileRef = C2AA78C7282B9850008FEB8A /* ShortCandlePlot.swift */; };
		C2AA78CC282B9A90008FEB8A /* CandlePlotStore.swift in Sources */ = {isa = PBXBuildFile; fileRef = C2AA78CB282B9A90008FEB8A /* CandlePlotStore.swift */; };
		C2AA78CE282B9F13008FEB8A /* CandlePricePlotHelper.swift in Sources */ = {isa = PBXBuildFile; fileRef = C2AA78CD282B9F13008FEB8A /* CandlePricePlotHelper.swift */; };
		C2DBDFA6282A5CFE0086FE09 /* ShortCandleChartView.swift in Sources */ = {isa = PBXBuildFile; fileRef = C2DBDFA5282A5CFE0086FE09 /* ShortCandleChartView.swift */; };
/* End PBXBuildFile section */

/* Begin PBXContainerItemProxy section */
		C21D5C482834CA8E00DBB6A1 /* PBXContainerItemProxy */ = {
			isa = PBXContainerItemProxy;
			containerPortal = 4F560960208443E70078DCFB /* Project object */;
			proxyType = 1;
			remoteGlobalIDString = 4F560967208443E70078DCFB;
			remoteInfo = stockCharts;
		};
		C21D5C572834E66B00DBB6A1 /* PBXContainerItemProxy */ = {
			isa = PBXContainerItemProxy;
			containerPortal = 4F560960208443E70078DCFB /* Project object */;
			proxyType = 1;
			remoteGlobalIDString = 4F560967208443E70078DCFB;
			remoteInfo = stockCharts;
		};
/* End PBXContainerItemProxy section */

/* Begin PBXFileReference section */
		4F3ED5FD208582C200C409EB /* ListViewController.swift */ = {isa = PBXFileReference; lastKnownFileType = sourcecode.swift; path = ListViewController.swift; sourceTree = "<group>"; };
		4F560968208443E70078DCFB /* stockCharts.app */ = {isa = PBXFileReference; explicitFileType = wrapper.application; includeInIndex = 0; path = stockCharts.app; sourceTree = BUILT_PRODUCTS_DIR; };
		4F56096B208443E70078DCFB /* AppDelegate.swift */ = {isa = PBXFileReference; lastKnownFileType = sourcecode.swift; path = AppDelegate.swift; sourceTree = "<group>"; };
		4F56096D208443E70078DCFB /* BaseNavigationController.swift */ = {isa = PBXFileReference; lastKnownFileType = sourcecode.swift; path = BaseNavigationController.swift; sourceTree = "<group>"; };
		4F560972208443E80078DCFB /* Assets.xcassets */ = {isa = PBXFileReference; lastKnownFileType = folder.assetcatalog; path = Assets.xcassets; sourceTree = "<group>"; };
		4F560975208443E80078DCFB /* Base */ = {isa = PBXFileReference; lastKnownFileType = file.storyboard; name = Base; path = Base.lproj/LaunchScreen.storyboard; sourceTree = "<group>"; };
		4F560977208443E80078DCFB /* Info.plist */ = {isa = PBXFileReference; lastKnownFileType = text.plist.xml; path = Info.plist; sourceTree = "<group>"; };
		4F7B2AE8208ED2FC00CAE85B /* PolyLineView.swift */ = {isa = PBXFileReference; lastKnownFileType = sourcecode.swift; path = PolyLineView.swift; sourceTree = "<group>"; };
		4F7B2AEA208EDFBD00CAE85B /* ModelStruct.swift */ = {isa = PBXFileReference; lastKnownFileType = sourcecode.swift; path = ModelStruct.swift; sourceTree = "<group>"; };
		4F8ED9D6282E28F3003664DD /* CandlePriceXAxisPlotHepler.swift */ = {isa = PBXFileReference; lastKnownFileType = sourcecode.swift; path = CandlePriceXAxisPlotHepler.swift; sourceTree = "<group>"; };
		4F8ED9D8282E2919003664DD /* CandlePriceYAxisPlotHepler.swift */ = {isa = PBXFileReference; lastKnownFileType = sourcecode.swift; path = CandlePriceYAxisPlotHepler.swift; sourceTree = "<group>"; };
		4F95E3E320915F2E00314391 /* UIBezierPath+DrawLinePoints.swift */ = {isa = PBXFileReference; lastKnownFileType = sourcecode.swift; path = "UIBezierPath+DrawLinePoints.swift"; sourceTree = "<group>"; };
		4F95E3E520915F9200314391 /* SlipPolyLineViewController.swift */ = {isa = PBXFileReference; lastKnownFileType = sourcecode.swift; path = SlipPolyLineViewController.swift; sourceTree = "<group>"; };
		4F95E3E72091604500314391 /* SlipPolyLineView.swift */ = {isa = PBXFileReference; lastKnownFileType = sourcecode.swift; path = SlipPolyLineView.swift; sourceTree = "<group>"; };
		4FACBC95208998C10050DB58 /* PolyLineViewController.swift */ = {isa = PBXFileReference; lastKnownFileType = sourcecode.swift; path = PolyLineViewController.swift; sourceTree = "<group>"; };
		4FB665732090340E00978EE8 /* README.md */ = {isa = PBXFileReference; fileEncoding = 4; lastKnownFileType = net.daringfireball.markdown; path = README.md; sourceTree = "<group>"; };
		4FB6657A2090390200978EE8 /* polyLineChart.gif */ = {isa = PBXFileReference; lastKnownFileType = image.gif; path = polyLineChart.gif; sourceTree = "<group>"; };
		4FF69D1C282D429C0036E4EC /* CandleVolPlotHelper.swift */ = {isa = PBXFileReference; lastKnownFileType = sourcecode.swift; path = CandleVolPlotHelper.swift; sourceTree = "<group>"; };
		4FF69D1E282D47070036E4EC /* String+Addition.swift */ = {isa = PBXFileReference; lastKnownFileType = sourcecode.swift; path = "String+Addition.swift"; sourceTree = "<group>"; };
		C21D5C3E2833419200DBB6A1 /* ShortCandleCheckLineView.swift */ = {isa = PBXFileReference; lastKnownFileType = sourcecode.swift; path = ShortCandleCheckLineView.swift; sourceTree = "<group>"; };
		C21D5C442834CA8E00DBB6A1 /* stockChartsTests.xctest */ = {isa = PBXFileReference; explicitFileType = wrapper.cfbundle; includeInIndex = 0; path = stockChartsTests.xctest; sourceTree = BUILT_PRODUCTS_DIR; };
		C21D5C462834CA8E00DBB6A1 /* stockChartsTests.swift */ = {isa = PBXFileReference; lastKnownFileType = sourcecode.swift; path = stockChartsTests.swift; sourceTree = "<group>"; };
		C21D5C512834E66B00DBB6A1 /* stockChartsUITests.xctest */ = {isa = PBXFileReference; explicitFileType = wrapper.cfbundle; includeInIndex = 0; path = stockChartsUITests.xctest; sourceTree = BUILT_PRODUCTS_DIR; };
		C21D5C532834E66B00DBB6A1 /* stockChartsUITests.swift */ = {isa = PBXFileReference; lastKnownFileType = sourcecode.swift; path = stockChartsUITests.swift; sourceTree = "<group>"; };
		C283C5F9282934E9000881C5 /* CandleChartViewController.swift */ = {isa = PBXFileReference; lastKnownFileType = sourcecode.swift; path = CandleChartViewController.swift; sourceTree = "<group>"; };
		C283C5FD28293814000881C5 /* CandleData.json */ = {isa = PBXFileReference; lastKnownFileType = text.json; path = CandleData.json; sourceTree = "<group>"; };
		C283C5FE2829385A000881C5 /* CandleDataService.swift */ = {isa = PBXFileReference; lastKnownFileType = sourcecode.swift; path = CandleDataService.swift; sourceTree = "<group>"; };
		C2AA78C7282B9850008FEB8A /* ShortCandlePlot.swift */ = {isa = PBXFileReference; lastKnownFileType = sourcecode.swift; path = ShortCandlePlot.swift; sourceTree = "<group>"; };
		C2AA78CB282B9A90008FEB8A /* CandlePlotStore.swift */ = {isa = PBXFileReference; lastKnownFileType = sourcecode.swift; path = CandlePlotStore.swift; sourceTree = "<group>"; };
		C2AA78CD282B9F13008FEB8A /* CandlePricePlotHelper.swift */ = {isa = PBXFileReference; lastKnownFileType = sourcecode.swift; path = CandlePricePlotHelper.swift; sourceTree = "<group>"; };
		C2DBDFA5282A5CFE0086FE09 /* ShortCandleChartView.swift */ = {isa = PBXFileReference; lastKnownFileType = sourcecode.swift; path = ShortCandleChartView.swift; sourceTree = "<group>"; };
/* End PBXFileReference section */

/* Begin PBXFrameworksBuildPhase section */
		4F560965208443E70078DCFB /* Frameworks */ = {
			isa = PBXFrameworksBuildPhase;
			buildActionMask = 2147483647;
			files = (
				C272EA09282A59E4002F0ABF /* SnapKit in Frameworks */,
			);
			runOnlyForDeploymentPostprocessing = 0;
		};
		C21D5C412834CA8E00DBB6A1 /* Frameworks */ = {
			isa = PBXFrameworksBuildPhase;
			buildActionMask = 2147483647;
			files = (
			);
			runOnlyForDeploymentPostprocessing = 0;
		};
		C21D5C4E2834E66B00DBB6A1 /* Frameworks */ = {
			isa = PBXFrameworksBuildPhase;
			buildActionMask = 2147483647;
			files = (
			);
			runOnlyForDeploymentPostprocessing = 0;
		};
/* End PBXFrameworksBuildPhase section */

/* Begin PBXGroup section */
		4F56095F208443E70078DCFB = {
			isa = PBXGroup;
			children = (
				4FB665732090340E00978EE8 /* README.md */,
				4F56096A208443E70078DCFB /* stockCharts */,
				C21D5C452834CA8E00DBB6A1 /* stockChartsTests */,
				C21D5C522834E66B00DBB6A1 /* stockChartsUITests */,
				4F560969208443E70078DCFB /* Products */,
			);
			sourceTree = "<group>";
		};
		4F560969208443E70078DCFB /* Products */ = {
			isa = PBXGroup;
			children = (
				4F560968208443E70078DCFB /* stockCharts.app */,
				C21D5C442834CA8E00DBB6A1 /* stockChartsTests.xctest */,
				C21D5C512834E66B00DBB6A1 /* stockChartsUITests.xctest */,
			);
			name = Products;
			sourceTree = "<group>";
		};
		4F56096A208443E70078DCFB /* stockCharts */ = {
			isa = PBXGroup;
			children = (
				C283C5F828293495000881C5 /* CandleChart */,
				4FB665792090390100978EE8 /* Resource */,
				4FACBC94208998860050DB58 /* ListCharts */,
				4F56096B208443E70078DCFB /* AppDelegate.swift */,
				4F56096D208443E70078DCFB /* BaseNavigationController.swift */,
				4F3ED5FD208582C200C409EB /* ListViewController.swift */,
				4F560972208443E80078DCFB /* Assets.xcassets */,
				4F560974208443E80078DCFB /* LaunchScreen.storyboard */,
				4F560977208443E80078DCFB /* Info.plist */,
			);
			path = stockCharts;
			sourceTree = "<group>";
		};
		4FACBC94208998860050DB58 /* ListCharts */ = {
			isa = PBXGroup;
			children = (
				4F7B2AEA208EDFBD00CAE85B /* ModelStruct.swift */,
				4F95E3E320915F2E00314391 /* UIBezierPath+DrawLinePoints.swift */,
				4FACBC95208998C10050DB58 /* PolyLineViewController.swift */,
				4F7B2AE8208ED2FC00CAE85B /* PolyLineView.swift */,
				4F95E3E520915F9200314391 /* SlipPolyLineViewController.swift */,
				4F95E3E72091604500314391 /* SlipPolyLineView.swift */,
			);
			path = ListCharts;
			sourceTree = "<group>";
		};
		4FB665792090390100978EE8 /* Resource */ = {
			isa = PBXGroup;
			children = (
				4FB6657A2090390200978EE8 /* polyLineChart.gif */,
			);
			path = Resource;
			sourceTree = "<group>";
		};
		4FF69D1B282D3BE20036E4EC /* TestData */ = {
			isa = PBXGroup;
			children = (
				C283C5FE2829385A000881C5 /* CandleDataService.swift */,
				C283C5FD28293814000881C5 /* CandleData.json */,
			);
			path = TestData;
			sourceTree = "<group>";
		};
		C2091555282CBAE00031B57D /* VC */ = {
			isa = PBXGroup;
			children = (
				C283C5F9282934E9000881C5 /* CandleChartViewController.swift */,
			);
			path = VC;
			sourceTree = "<group>";
		};
		C21D5C452834CA8E00DBB6A1 /* stockChartsTests */ = {
			isa = PBXGroup;
			children = (
				C21D5C462834CA8E00DBB6A1 /* stockChartsTests.swift */,
			);
			path = stockChartsTests;
			sourceTree = "<group>";
		};
		C21D5C522834E66B00DBB6A1 /* stockChartsUITests */ = {
			isa = PBXGroup;
			children = (
				C21D5C532834E66B00DBB6A1 /* stockChartsUITests.swift */,
			);
			path = stockChartsUITests;
			sourceTree = "<group>";
		};
		C283C5F828293495000881C5 /* CandleChart */ = {
			isa = PBXGroup;
			children = (
				4FF69D1B282D3BE20036E4EC /* TestData */,
				C2091555282CBAE00031B57D /* VC */,
				C2DBDFA5282A5CFE0086FE09 /* ShortCandleChartView.swift */,
				C2AA78C7282B9850008FEB8A /* ShortCandlePlot.swift */,
				C21D5C3E2833419200DBB6A1 /* ShortCandleCheckLineView.swift */,
				C2AA78CB282B9A90008FEB8A /* CandlePlotStore.swift */,
				C2AA78CD282B9F13008FEB8A /* CandlePricePlotHelper.swift */,
				4F8ED9D6282E28F3003664DD /* CandlePriceXAxisPlotHepler.swift */,
				4F8ED9D8282E2919003664DD /* CandlePriceYAxisPlotHepler.swift */,
				4FF69D1C282D429C0036E4EC /* CandleVolPlotHelper.swift */,
				4FF69D1E282D47070036E4EC /* String+Addition.swift */,
			);
			path = CandleChart;
			sourceTree = "<group>";
		};
/* End PBXGroup section */

/* Begin PBXNativeTarget section */
		4F560967208443E70078DCFB /* stockCharts */ = {
			isa = PBXNativeTarget;
			buildConfigurationList = 4F56097A208443E80078DCFB /* Build configuration list for PBXNativeTarget "stockCharts" */;
			buildPhases = (
				4F560964208443E70078DCFB /* Sources */,
				4F560965208443E70078DCFB /* Frameworks */,
				4F560966208443E70078DCFB /* Resources */,
			);
			buildRules = (
			);
			dependencies = (
			);
			name = stockCharts;
			packageProductDependencies = (
				C272EA08282A59E4002F0ABF /* SnapKit */,
			);
			productName = stockCharts;
			productReference = 4F560968208443E70078DCFB /* stockCharts.app */;
			productType = "com.apple.product-type.application";
		};
		C21D5C432834CA8E00DBB6A1 /* stockChartsTests */ = {
			isa = PBXNativeTarget;
			buildConfigurationList = C21D5C4A2834CA8E00DBB6A1 /* Build configuration list for PBXNativeTarget "stockChartsTests" */;
			buildPhases = (
				C21D5C402834CA8E00DBB6A1 /* Sources */,
				C21D5C412834CA8E00DBB6A1 /* Frameworks */,
				C21D5C422834CA8E00DBB6A1 /* Resources */,
			);
			buildRules = (
			);
			dependencies = (
				C21D5C492834CA8E00DBB6A1 /* PBXTargetDependency */,
			);
			name = stockChartsTests;
			productName = stockChartsTests;
			productReference = C21D5C442834CA8E00DBB6A1 /* stockChartsTests.xctest */;
			productType = "com.apple.product-type.bundle.unit-test";
		};
		C21D5C502834E66B00DBB6A1 /* stockChartsUITests */ = {
			isa = PBXNativeTarget;
			buildConfigurationList = C21D5C592834E66B00DBB6A1 /* Build configuration list for PBXNativeTarget "stockChartsUITests" */;
			buildPhases = (
				C21D5C4D2834E66B00DBB6A1 /* Sources */,
				C21D5C4E2834E66B00DBB6A1 /* Frameworks */,
				C21D5C4F2834E66B00DBB6A1 /* Resources */,
			);
			buildRules = (
			);
			dependencies = (
				C21D5C582834E66B00DBB6A1 /* PBXTargetDependency */,
			);
			name = stockChartsUITests;
			productName = stockChartsUITests;
			productReference = C21D5C512834E66B00DBB6A1 /* stockChartsUITests.xctest */;
			productType = "com.apple.product-type.bundle.ui-testing";
		};
/* End PBXNativeTarget section */

/* Begin PBXProject section */
		4F560960208443E70078DCFB /* Project object */ = {
			isa = PBXProject;
			attributes = {
				LastSwiftUpdateCheck = 1300;
				LastUpgradeCheck = 0930;
				ORGANIZATIONNAME = mitake;
				TargetAttributes = {
					4F560967208443E70078DCFB = {
						CreatedOnToolsVersion = 9.3;
					};
					C21D5C432834CA8E00DBB6A1 = {
						CreatedOnToolsVersion = 13.0;
						TestTargetID = 4F560967208443E70078DCFB;
					};
					C21D5C502834E66B00DBB6A1 = {
						CreatedOnToolsVersion = 13.0;
						TestTargetID = 4F560967208443E70078DCFB;
					};
				};
			};
			buildConfigurationList = 4F560963208443E70078DCFB /* Build configuration list for PBXProject "stockCharts" */;
			compatibilityVersion = "Xcode 9.3";
			developmentRegion = en;
			hasScannedForEncodings = 0;
			knownRegions = (
				en,
				Base,
			);
			mainGroup = 4F56095F208443E70078DCFB;
			packageReferences = (
				C272EA07282A59E4002F0ABF /* XCRemoteSwiftPackageReference "SnapKit" */,
			);
			productRefGroup = 4F560969208443E70078DCFB /* Products */;
			projectDirPath = "";
			projectRoot = "";
			targets = (
				4F560967208443E70078DCFB /* stockCharts */,
				C21D5C432834CA8E00DBB6A1 /* stockChartsTests */,
				C21D5C502834E66B00DBB6A1 /* stockChartsUITests */,
			);
		};
/* End PBXProject section */

/* Begin PBXResourcesBuildPhase section */
		4F560966208443E70078DCFB /* Resources */ = {
			isa = PBXResourcesBuildPhase;
			buildActionMask = 2147483647;
			files = (
				4FB665742090340E00978EE8 /* README.md in Resources */,
				4F560976208443E80078DCFB /* LaunchScreen.storyboard in Resources */,
				4F560973208443E80078DCFB /* Assets.xcassets in Resources */,
				4FB6657B2090390200978EE8 /* polyLineChart.gif in Resources */,
				C283C60028293FFA000881C5 /* CandleData.json in Resources */,
			);
			runOnlyForDeploymentPostprocessing = 0;
		};
		C21D5C422834CA8E00DBB6A1 /* Resources */ = {
			isa = PBXResourcesBuildPhase;
			buildActionMask = 2147483647;
			files = (
			);
			runOnlyForDeploymentPostprocessing = 0;
		};
		C21D5C4F2834E66B00DBB6A1 /* Resources */ = {
			isa = PBXResourcesBuildPhase;
			buildActionMask = 2147483647;
			files = (
			);
			runOnlyForDeploymentPostprocessing = 0;
		};
/* End PBXResourcesBuildPhase section */

/* Begin PBXSourcesBuildPhase section */
		4F560964208443E70078DCFB /* Sources */ = {
			isa = PBXSourcesBuildPhase;
			buildActionMask = 2147483647;
			files = (
				4F56096E208443E70078DCFB /* BaseNavigationController.swift in Sources */,
				4F56096C208443E70078DCFB /* AppDelegate.swift in Sources */,
				C2AA78CE282B9F13008FEB8A /* CandlePricePlotHelper.swift in Sources */,
				C283C5FA282934E9000881C5 /* CandleChartViewController.swift in Sources */,
				4FACBC96208998C10050DB58 /* PolyLineViewController.swift in Sources */,
				4F8ED9D7282E28F3003664DD /* CandlePriceXAxisPlotHepler.swift in Sources */,
				4FF69D1F282D47070036E4EC /* String+Addition.swift in Sources */,
				4F7B2AEB208EDFBD00CAE85B /* ModelStruct.swift in Sources */,
				C21D5C3F2833419200DBB6A1 /* ShortCandleCheckLineView.swift in Sources */,
				C2DBDFA6282A5CFE0086FE09 /* ShortCandleChartView.swift in Sources */,
				4F95E3E620915F9200314391 /* SlipPolyLineViewController.swift in Sources */,
				4FF69D1D282D429C0036E4EC /* CandleVolPlotHelper.swift in Sources */,
				4F3ED5FE208582C200C409EB /* ListViewController.swift in Sources */,
				4F95E3E420915F2E00314391 /* UIBezierPath+DrawLinePoints.swift in Sources */,
				C283C5FF2829385A000881C5 /* CandleDataService.swift in Sources */,
				4F8ED9D9282E2919003664DD /* CandlePriceYAxisPlotHepler.swift in Sources */,
				C2AA78CC282B9A90008FEB8A /* CandlePlotStore.swift in Sources */,
				4F95E3E82091604500314391 /* SlipPolyLineView.swift in Sources */,
				C2AA78C8282B9850008FEB8A /* ShortCandlePlot.swift in Sources */,
				4F7B2AE9208ED2FC00CAE85B /* PolyLineView.swift in Sources */,
			);
			runOnlyForDeploymentPostprocessing = 0;
		};
		C21D5C402834CA8E00DBB6A1 /* Sources */ = {
			isa = PBXSourcesBuildPhase;
			buildActionMask = 2147483647;
			files = (
				C21D5C472834CA8E00DBB6A1 /* stockChartsTests.swift in Sources */,
			);
			runOnlyForDeploymentPostprocessing = 0;
		};
		C21D5C4D2834E66B00DBB6A1 /* Sources */ = {
			isa = PBXSourcesBuildPhase;
			buildActionMask = 2147483647;
			files = (
				C21D5C542834E66B00DBB6A1 /* stockChartsUITests.swift in Sources */,
			);
			runOnlyForDeploymentPostprocessing = 0;
		};
/* End PBXSourcesBuildPhase section */

/* Begin PBXTargetDependency section */
		C21D5C492834CA8E00DBB6A1 /* PBXTargetDependency */ = {
			isa = PBXTargetDependency;
			target = 4F560967208443E70078DCFB /* stockCharts */;
			targetProxy = C21D5C482834CA8E00DBB6A1 /* PBXContainerItemProxy */;
		};
		C21D5C582834E66B00DBB6A1 /* PBXTargetDependency */ = {
			isa = PBXTargetDependency;
			target = 4F560967208443E70078DCFB /* stockCharts */;
			targetProxy = C21D5C572834E66B00DBB6A1 /* PBXContainerItemProxy */;
		};
/* End PBXTargetDependency section */

/* Begin PBXVariantGroup section */
		4F560974208443E80078DCFB /* LaunchScreen.storyboard */ = {
			isa = PBXVariantGroup;
			children = (
				4F560975208443E80078DCFB /* Base */,
			);
			name = LaunchScreen.storyboard;
			sourceTree = "<group>";
		};
/* End PBXVariantGroup section */

/* Begin XCBuildConfiguration section */
		4F560978208443E80078DCFB /* Debug */ = {
			isa = XCBuildConfiguration;
			buildSettings = {
				ALWAYS_SEARCH_USER_PATHS = NO;
				CLANG_ANALYZER_NONNULL = YES;
				CLANG_ANALYZER_NUMBER_OBJECT_CONVERSION = YES_AGGRESSIVE;
				CLANG_CXX_LANGUAGE_STANDARD = "gnu++14";
				CLANG_CXX_LIBRARY = "libc++";
				CLANG_ENABLE_MODULES = YES;
				CLANG_ENABLE_OBJC_ARC = YES;
				CLANG_ENABLE_OBJC_WEAK = YES;
				CLANG_WARN_BLOCK_CAPTURE_AUTORELEASING = YES;
				CLANG_WARN_BOOL_CONVERSION = YES;
				CLANG_WARN_COMMA = YES;
				CLANG_WARN_CONSTANT_CONVERSION = YES;
				CLANG_WARN_DEPRECATED_OBJC_IMPLEMENTATIONS = YES;
				CLANG_WARN_DIRECT_OBJC_ISA_USAGE = YES_ERROR;
				CLANG_WARN_DOCUMENTATION_COMMENTS = YES;
				CLANG_WARN_EMPTY_BODY = YES;
				CLANG_WARN_ENUM_CONVERSION = YES;
				CLANG_WARN_INFINITE_RECURSION = YES;
				CLANG_WARN_INT_CONVERSION = YES;
				CLANG_WARN_NON_LITERAL_NULL_CONVERSION = YES;
				CLANG_WARN_OBJC_IMPLICIT_RETAIN_SELF = YES;
				CLANG_WARN_OBJC_LITERAL_CONVERSION = YES;
				CLANG_WARN_OBJC_ROOT_CLASS = YES_ERROR;
				CLANG_WARN_RANGE_LOOP_ANALYSIS = YES;
				CLANG_WARN_STRICT_PROTOTYPES = YES;
				CLANG_WARN_SUSPICIOUS_MOVE = YES;
				CLANG_WARN_UNGUARDED_AVAILABILITY = YES_AGGRESSIVE;
				CLANG_WARN_UNREACHABLE_CODE = YES;
				CLANG_WARN__DUPLICATE_METHOD_MATCH = YES;
				CODE_SIGN_IDENTITY = "iPhone Developer";
				COPY_PHASE_STRIP = NO;
				DEBUG_INFORMATION_FORMAT = dwarf;
				ENABLE_STRICT_OBJC_MSGSEND = YES;
				ENABLE_TESTABILITY = YES;
				GCC_C_LANGUAGE_STANDARD = gnu11;
				GCC_DYNAMIC_NO_PIC = NO;
				GCC_NO_COMMON_BLOCKS = YES;
				GCC_OPTIMIZATION_LEVEL = 0;
				GCC_PREPROCESSOR_DEFINITIONS = (
					"DEBUG=1",
					"$(inherited)",
				);
				GCC_WARN_64_TO_32_BIT_CONVERSION = YES;
				GCC_WARN_ABOUT_RETURN_TYPE = YES_ERROR;
				GCC_WARN_UNDECLARED_SELECTOR = YES;
				GCC_WARN_UNINITIALIZED_AUTOS = YES_AGGRESSIVE;
				GCC_WARN_UNUSED_FUNCTION = YES;
				GCC_WARN_UNUSED_VARIABLE = YES;
				IPHONEOS_DEPLOYMENT_TARGET = 11.3;
				MTL_ENABLE_DEBUG_INFO = YES;
				ONLY_ACTIVE_ARCH = YES;
				SDKROOT = iphoneos;
				SWIFT_ACTIVE_COMPILATION_CONDITIONS = DEBUG;
				SWIFT_OPTIMIZATION_LEVEL = "-Onone";
			};
			name = Debug;
		};
		4F560979208443E80078DCFB /* Release */ = {
			isa = XCBuildConfiguration;
			buildSettings = {
				ALWAYS_SEARCH_USER_PATHS = NO;
				CLANG_ANALYZER_NONNULL = YES;
				CLANG_ANALYZER_NUMBER_OBJECT_CONVERSION = YES_AGGRESSIVE;
				CLANG_CXX_LANGUAGE_STANDARD = "gnu++14";
				CLANG_CXX_LIBRARY = "libc++";
				CLANG_ENABLE_MODULES = YES;
				CLANG_ENABLE_OBJC_ARC = YES;
				CLANG_ENABLE_OBJC_WEAK = YES;
				CLANG_WARN_BLOCK_CAPTURE_AUTORELEASING = YES;
				CLANG_WARN_BOOL_CONVERSION = YES;
				CLANG_WARN_COMMA = YES;
				CLANG_WARN_CONSTANT_CONVERSION = YES;
				CLANG_WARN_DEPRECATED_OBJC_IMPLEMENTATIONS = YES;
				CLANG_WARN_DIRECT_OBJC_ISA_USAGE = YES_ERROR;
				CLANG_WARN_DOCUMENTATION_COMMENTS = YES;
				CLANG_WARN_EMPTY_BODY = YES;
				CLANG_WARN_ENUM_CONVERSION = YES;
				CLANG_WARN_INFINITE_RECURSION = YES;
				CLANG_WARN_INT_CONVERSION = YES;
				CLANG_WARN_NON_LITERAL_NULL_CONVERSION = YES;
				CLANG_WARN_OBJC_IMPLICIT_RETAIN_SELF = YES;
				CLANG_WARN_OBJC_LITERAL_CONVERSION = YES;
				CLANG_WARN_OBJC_ROOT_CLASS = YES_ERROR;
				CLANG_WARN_RANGE_LOOP_ANALYSIS = YES;
				CLANG_WARN_STRICT_PROTOTYPES = YES;
				CLANG_WARN_SUSPICIOUS_MOVE = YES;
				CLANG_WARN_UNGUARDED_AVAILABILITY = YES_AGGRESSIVE;
				CLANG_WARN_UNREACHABLE_CODE = YES;
				CLANG_WARN__DUPLICATE_METHOD_MATCH = YES;
				CODE_SIGN_IDENTITY = "iPhone Developer";
				COPY_PHASE_STRIP = NO;
				DEBUG_INFORMATION_FORMAT = "dwarf-with-dsym";
				ENABLE_NS_ASSERTIONS = NO;
				ENABLE_STRICT_OBJC_MSGSEND = YES;
				GCC_C_LANGUAGE_STANDARD = gnu11;
				GCC_NO_COMMON_BLOCKS = YES;
				GCC_WARN_64_TO_32_BIT_CONVERSION = YES;
				GCC_WARN_ABOUT_RETURN_TYPE = YES_ERROR;
				GCC_WARN_UNDECLARED_SELECTOR = YES;
				GCC_WARN_UNINITIALIZED_AUTOS = YES_AGGRESSIVE;
				GCC_WARN_UNUSED_FUNCTION = YES;
				GCC_WARN_UNUSED_VARIABLE = YES;
				IPHONEOS_DEPLOYMENT_TARGET = 11.3;
				MTL_ENABLE_DEBUG_INFO = NO;
				SDKROOT = iphoneos;
				SWIFT_COMPILATION_MODE = wholemodule;
				SWIFT_OPTIMIZATION_LEVEL = "-O";
				VALIDATE_PRODUCT = YES;
			};
			name = Release;
		};
		4F56097B208443E80078DCFB /* Debug */ = {
			isa = XCBuildConfiguration;
			buildSettings = {
				ASSETCATALOG_COMPILER_APPICON_NAME = AppIcon;
				CODE_SIGN_STYLE = Automatic;
				DEVELOPMENT_TEAM = GC88A2835D;
				INFOPLIST_FILE = stockCharts/Info.plist;
				LD_RUNPATH_SEARCH_PATHS = (
					"$(inherited)",
					"@executable_path/Frameworks",
				);
				PRODUCT_BUNDLE_IDENTIFIER = tw.com.tonyLiu.stockCharts;
				PRODUCT_NAME = "$(TARGET_NAME)";
				SWIFT_VERSION = 4.0;
				TARGETED_DEVICE_FAMILY = "1,2";
			};
			name = Debug;
		};
		4F56097C208443E80078DCFB /* Release */ = {
			isa = XCBuildConfiguration;
			buildSettings = {
				ASSETCATALOG_COMPILER_APPICON_NAME = AppIcon;
				CODE_SIGN_STYLE = Automatic;
				DEVELOPMENT_TEAM = GC88A2835D;
				INFOPLIST_FILE = stockCharts/Info.plist;
				LD_RUNPATH_SEARCH_PATHS = (
					"$(inherited)",
					"@executable_path/Frameworks",
				);
				PRODUCT_BUNDLE_IDENTIFIER = tw.com.tonyLiu.stockCharts;
				PRODUCT_NAME = "$(TARGET_NAME)";
				SWIFT_VERSION = 4.0;
				TARGETED_DEVICE_FAMILY = "1,2";
			};
			name = Release;
		};
		C21D5C4B2834CA8E00DBB6A1 /* Debug */ = {
			isa = XCBuildConfiguration;
			buildSettings = {
				BUNDLE_LOADER = "$(TEST_HOST)";
				CLANG_CXX_LANGUAGE_STANDARD = "gnu++17";
				CLANG_WARN_QUOTED_INCLUDE_IN_FRAMEWORK_HEADER = YES;
				CODE_SIGN_STYLE = Automatic;
				CURRENT_PROJECT_VERSION = 1;
				GENERATE_INFOPLIST_FILE = YES;
				IPHONEOS_DEPLOYMENT_TARGET = 15.0;
				LD_RUNPATH_SEARCH_PATHS = (
					"$(inherited)",
					"@executable_path/Frameworks",
					"@loader_path/Frameworks",
				);
				MARKETING_VERSION = 1.0;
				MTL_ENABLE_DEBUG_INFO = INCLUDE_SOURCE;
				MTL_FAST_MATH = YES;
				PRODUCT_BUNDLE_IDENTIFIER = LeetcodeSolution.stockChartsTests;
				PRODUCT_NAME = "$(TARGET_NAME)";
				SWIFT_EMIT_LOC_STRINGS = NO;
				SWIFT_VERSION = 5.0;
				TARGETED_DEVICE_FAMILY = "1,2";
				TEST_HOST = "$(BUILT_PRODUCTS_DIR)/stockCharts.app/stockCharts";
			};
			name = Debug;
		};
		C21D5C4C2834CA8E00DBB6A1 /* Release */ = {
			isa = XCBuildConfiguration;
			buildSettings = {
				BUNDLE_LOADER = "$(TEST_HOST)";
				CLANG_CXX_LANGUAGE_STANDARD = "gnu++17";
				CLANG_WARN_QUOTED_INCLUDE_IN_FRAMEWORK_HEADER = YES;
				CODE_SIGN_STYLE = Automatic;
				CURRENT_PROJECT_VERSION = 1;
				GENERATE_INFOPLIST_FILE = YES;
				IPHONEOS_DEPLOYMENT_TARGET = 15.0;
				LD_RUNPATH_SEARCH_PATHS = (
					"$(inherited)",
					"@executable_path/Frameworks",
					"@loader_path/Frameworks",
				);
				MARKETING_VERSION = 1.0;
				MTL_FAST_MATH = YES;
				PRODUCT_BUNDLE_IDENTIFIER = LeetcodeSolution.stockChartsTests;
				PRODUCT_NAME = "$(TARGET_NAME)";
				SWIFT_EMIT_LOC_STRINGS = NO;
				SWIFT_VERSION = 5.0;
				TARGETED_DEVICE_FAMILY = "1,2";
				TEST_HOST = "$(BUILT_PRODUCTS_DIR)/stockCharts.app/stockCharts";
			};
			name = Release;
		};
		C21D5C5A2834E66B00DBB6A1 /* Debug */ = {
			isa = XCBuildConfiguration;
			buildSettings = {
				CLANG_CXX_LANGUAGE_STANDARD = "gnu++17";
				CLANG_WARN_QUOTED_INCLUDE_IN_FRAMEWORK_HEADER = YES;
				CODE_SIGN_STYLE = Automatic;
				CURRENT_PROJECT_VERSION = 1;
				GENERATE_INFOPLIST_FILE = YES;
				IPHONEOS_DEPLOYMENT_TARGET = 15.0;
				LD_RUNPATH_SEARCH_PATHS = (
					"$(inherited)",
					"@executable_path/Frameworks",
					"@loader_path/Frameworks",
				);
				MARKETING_VERSION = 1.0;
				MTL_ENABLE_DEBUG_INFO = INCLUDE_SOURCE;
				MTL_FAST_MATH = YES;
				PRODUCT_BUNDLE_IDENTIFIER = LeetcodeSolution.stockChartsUITests;
				PRODUCT_NAME = "$(TARGET_NAME)";
				SWIFT_EMIT_LOC_STRINGS = NO;
				SWIFT_VERSION = 5.0;
				TARGETED_DEVICE_FAMILY = "1,2";
				TEST_TARGET_NAME = stockCharts;
			};
			name = Debug;
		};
		C21D5C5B2834E66B00DBB6A1 /* Release */ = {
			isa = XCBuildConfiguration;
			buildSettings = {
				CLANG_CXX_LANGUAGE_STANDARD = "gnu++17";
				CLANG_WARN_QUOTED_INCLUDE_IN_FRAMEWORK_HEADER = YES;
				CODE_SIGN_STYLE = Automatic;
				CURRENT_PROJECT_VERSION = 1;
				GENERATE_INFOPLIST_FILE = YES;
				IPHONEOS_DEPLOYMENT_TARGET = 15.0;
				LD_RUNPATH_SEARCH_PATHS = (
					"$(inherited)",
					"@executable_path/Frameworks",
					"@loader_path/Frameworks",
				);
				MARKETING_VERSION = 1.0;
				MTL_FAST_MATH = YES;
				PRODUCT_BUNDLE_IDENTIFIER = LeetcodeSolution.stockChartsUITests;
				PRODUCT_NAME = "$(TARGET_NAME)";
				SWIFT_EMIT_LOC_STRINGS = NO;
				SWIFT_VERSION = 5.0;
				TARGETED_DEVICE_FAMILY = "1,2";
				TEST_TARGET_NAME = stockCharts;
			};
			name = Release;
		};
/* End XCBuildConfiguration section */

/* Begin XCConfigurationList section */
		4F560963208443E70078DCFB /* Build configuration list for PBXProject "stockCharts" */ = {
			isa = XCConfigurationList;
			buildConfigurations = (
				4F560978208443E80078DCFB /* Debug */,
				4F560979208443E80078DCFB /* Release */,
			);
			defaultConfigurationIsVisible = 0;
			defaultConfigurationName = Release;
		};
		4F56097A208443E80078DCFB /* Build configuration list for PBXNativeTarget "stockCharts" */ = {
			isa = XCConfigurationList;
			buildConfigurations = (
				4F56097B208443E80078DCFB /* Debug */,
				4F56097C208443E80078DCFB /* Release */,
			);
			defaultConfigurationIsVisible = 0;
			defaultConfigurationName = Release;
		};
		C21D5C4A2834CA8E00DBB6A1 /* Build configuration list for PBXNativeTarget "stockChartsTests" */ = {
			isa = XCConfigurationList;
			buildConfigurations = (
				C21D5C4B2834CA8E00DBB6A1 /* Debug */,
				C21D5C4C2834CA8E00DBB6A1 /* Release */,
			);
			defaultConfigurationIsVisible = 0;
			defaultConfigurationName = Release;
		};
		C21D5C592834E66B00DBB6A1 /* Build configuration list for PBXNativeTarget "stockChartsUITests" */ = {
			isa = XCConfigurationList;
			buildConfigurations = (
				C21D5C5A2834E66B00DBB6A1 /* Debug */,
				C21D5C5B2834E66B00DBB6A1 /* Release */,
			);
			defaultConfigurationIsVisible = 0;
			defaultConfigurationName = Release;
		};
/* End XCConfigurationList section */

/* Begin XCRemoteSwiftPackageReference section */
		C272EA07282A59E4002F0ABF /* XCRemoteSwiftPackageReference "SnapKit" */ = {
			isa = XCRemoteSwiftPackageReference;
			repositoryURL = "https://github.com/SnapKit/SnapKit.git";
			requirement = {
				branch = develop;
				kind = branch;
			};
		};
/* End XCRemoteSwiftPackageReference section */

/* Begin XCSwiftPackageProductDependency section */
		C272EA08282A59E4002F0ABF /* SnapKit */ = {
			isa = XCSwiftPackageProductDependency;
			package = C272EA07282A59E4002F0ABF /* XCRemoteSwiftPackageReference "SnapKit" */;
			productName = SnapKit;
		};
/* End XCSwiftPackageProductDependency section */
	};
	rootObject = 4F560960208443E70078DCFB /* Project object */;
}
